
Microsoft Visual Studio Solution File, Format Version 12.00
# Visual Studio Version 16
VisualStudioVersion = 16.0.28803.352
MinimumVisualStudioVersion = 10.0.40219.1
Project("{FAE04EC0-301F-11D3-BF4B-00C04F79EFBC}") = "TrainersSchoolingSystem", "TrainersSchoolingSystem\TrainersSchoolingSystem.csproj", "{D98C66B1-7046-4597-878D-69E420122A7E}"
EndProject
Project("{FAE04EC0-301F-11D3-BF4B-00C04F79EFBC}") = "AddArrears", "AddArrears\AddArrears.csproj", "{59776346-ACA5-4D93-A03A-277853A31DC1}"
EndProject
Global
	GlobalSection(SolutionConfigurationPlatforms) = preSolution
		Debug|Any CPU = Debug|Any CPU
		Release|Any CPU = Release|Any CPU
	EndGlobalSection
	GlobalSection(ProjectConfigurationPlatforms) = postSolution
		{D98C66B1-7046-4597-878D-69E420122A7E}.Debug|Any CPU.ActiveCfg = Debug|Any CPU
		{D98C66B1-7046-4597-878D-69E420122A7E}.Debug|Any CPU.Build.0 = Debug|Any CPU
		{D98C66B1-7046-4597-878D-69E420122A7E}.Release|Any CPU.ActiveCfg = Release|Any CPU
		{D98C66B1-7046-4597-878D-69E420122A7E}.Release|Any CPU.Build.0 = Release|Any CPU
		{59776346-ACA5-4D93-A03A-277853A31DC1}.Debug|Any CPU.ActiveCfg = Debug|Any CPU
		{59776346-ACA5-4D93-A03A-277853A31DC1}.Debug|Any CPU.Build.0 = Debug|Any CPU
		{59776346-ACA5-4D93-A03A-277853A31DC1}.Release|Any CPU.ActiveCfg = Release|Any CPU
		{59776346-ACA5-4D93-A03A-277853A31DC1}.Release|Any CPU.Build.0 = Release|Any CPU
	EndGlobalSection
	GlobalSection(SolutionProperties) = preSolution
		HideSolutionNode = FALSE
	EndGlobalSection
	GlobalSection(ExtensibilityGlobals) = postSolution
		SolutionGuid = {3DF002F0-BE4C-45E7-A403-18FFE2908769}
	EndGlobalSection
EndGlobal
